dependencies:
  espressif/esp-idf-cxx:
    component_hash: b002e54e2373e2890ceabd4d16451aaec1937e535e7129ea5f9960dd89ef9e7e
    source:
      service_url: https://api.components.espressif.com/
      type: service
    version: 1.0.0-beta
  espressif/mdns:
    component_hash: 2e95568e6fb1b1e5933217556db18b29affd4f706a6d90636fbb88dd32fc3e29
    source:
      service_url: https://api.components.espressif.com/
      type: service
    version: 1.0.7
  idf:
    component_hash: null
    source:
      type: idf
    version: 5.0.0
manifest_hash: dad2928b874b7c0170a5283ccd3bc292423b1a540c14e7b7f8c4775fc6717313
target: esp32
version: 1.0.0
